// !$*UTF8*$!
{
	archiveVersion = 1;
	classes = {
	};
	objectVersion = 56;
	objects = {

/* Begin PBXBuildFile section */
		17BF32DD2AEE3DA1002383B6 /* AppDelegate.swift in Sources */ = {isa = PBXBuildFile; fileRef = 17BF32DC2AEE3DA1002383B6 /* AppDelegate.swift */; };
		17BF32DF2AEE3DA1002383B6 /* SceneDelegate.swift in Sources */ = {isa = PBXBuildFile; fileRef = 17BF32DE2AEE3DA1002383B6 /* SceneDelegate.swift */; };
		17BF32E12AEE3DA1002383B6 /* ViewController.swift in Sources */ = {isa = PBXBuildFile; fileRef = 17BF32E02AEE3DA1002383B6 /* ViewController.swift */; };
		17BF32E42AEE3DA1002383B6 /* Main.storyboard in Resources */ = {isa = PBXBuildFile; fileRef = 17BF32E22AEE3DA1002383B6 /* Main.storyboard */; };
		17BF32E72AEE3DA1002383B6 /* MyListOfProducts.xcdatamodeld in Sources */ = {isa = PBXBuildFile; fileRef = 17BF32E52AEE3DA1002383B6 /* MyListOfProducts.xcdatamodeld */; };
		17BF32E92AEE3DA2002383B6 /* Assets.xcassets in Resources */ = {isa = PBXBuildFile; fileRef = 17BF32E82AEE3DA2002383B6 /* Assets.xcassets */; };
		17BF32EC2AEE3DA2002383B6 /* LaunchScreen.storyboard in Resources */ = {isa = PBXBuildFile; fileRef = 17BF32EA2AEE3DA2002383B6 /* LaunchScreen.storyboard */; };
		17BF32F72AEE3DA2002383B6 /* MyListOfProductsTests.swift in Sources */ = {isa = PBXBuildFile; fileRef = 17BF32F62AEE3DA2002383B6 /* MyListOfProductsTests.swift */; };
		17BF33012AEE3DA2002383B6 /* MyListOfProductsUITests.swift in Sources */ = {isa = PBXBuildFile; fileRef = 17BF33002AEE3DA2002383B6 /* MyListOfProductsUITests.swift */; };
		17BF33032AEE3DA2002383B6 /* MyListOfProductsUITestsLaunchTests.swift in Sources */ = {isa = PBXBuildFile; fileRef = 17BF33022AEE3DA2002383B6 /* MyListOfProductsUITestsLaunchTests.swift */; };
/* End PBXBuildFile section */

/* Begin PBXContainerItemProxy section */
		17BF32F32AEE3DA2002383B6 /* PBXContainerItemProxy */ = {
			isa = PBXContainerItemProxy;
			containerPortal = 17BF32D12AEE3DA1002383B6 /* Project object */;
			proxyType = 1;
			remoteGlobalIDString = 17BF32D82AEE3DA1002383B6;
			remoteInfo = MyListOfProducts;
		};
		17BF32FD2AEE3DA2002383B6 /* PBXContainerItemProxy */ = {
			isa = PBXContainerItemProxy;
			containerPortal = 17BF32D12AEE3DA1002383B6 /* Project object */;
			proxyType = 1;
			remoteGlobalIDString = 17BF32D82AEE3DA1002383B6;
			remoteInfo = MyListOfProducts;
		};
/* End PBXContainerItemProxy section */

/* Begin PBXFileReference section */
		17BF32D92AEE3DA1002383B6 /* MyListOfProducts.app */ = {isa = PBXFileReference; explicitFileType = wrapper.application; includeInIndex = 0; path = MyListOfProducts.app; sourceTree = BUILT_PRODUCTS_DIR; };
		17BF32DC2AEE3DA1002383B6 /* AppDelegate.swift */ = {isa = PBXFileReference; lastKnownFileType = sourcecode.swift; path = AppDelegate.swift; sourceTree = "<group>"; };
		17BF32DE2AEE3DA1002383B6 /* SceneDelegate.swift */ = {isa = PBXFileReference; lastKnownFileType = sourcecode.swift; path = SceneDelegate.swift; sourceTree = "<group>"; };
		17BF32E02AEE3DA1002383B6 /* ViewController.swift */ = {isa = PBXFileReference; lastKnownFileType = sourcecode.swift; path = ViewController.swift; sourceTree = "<group>"; };
		17BF32E32AEE3DA1002383B6 /* Base */ = {isa = PBXFileReference; lastKnownFileType = file.storyboard; name = Base; path = Base.lproj/Main.storyboard; sourceTree = "<group>"; };
		17BF32E62AEE3DA1002383B6 /* MyListOfProducts.xcdatamodel */ = {isa = PBXFileReference; lastKnownFileType = wrapper.xcdatamodel; path = MyListOfProducts.xcdatamodel; sourceTree = "<group>"; };
		17BF32E82AEE3DA2002383B6 /* Assets.xcassets */ = {isa = PBXFileReference; lastKnownFileType = folder.assetcatalog; path = Assets.xcassets; sourceTree = "<group>"; };
		17BF32EB2AEE3DA2002383B6 /* Base */ = {isa = PBXFileReference; lastKnownFileType = file.storyboard; name = Base; path = Base.lproj/LaunchScreen.storyboard; sourceTree = "<group>"; };
		17BF32ED2AEE3DA2002383B6 /* Info.plist */ = {isa = PBXFileReference; lastKnownFileType = text.plist.xml; path = Info.plist; sourceTree = "<group>"; };
		17BF32F22AEE3DA2002383B6 /* MyListOfProductsTests.xctest */ = {isa = PBXFileReference; explicitFileType = wrapper.cfbundle; includeInIndex = 0; path = MyListOfProductsTests.xctest; sourceTree = BUILT_PRODUCTS_DIR; };
		17BF32F62AEE3DA2002383B6 /* MyListOfProductsTests.swift */ = {isa = PBXFileReference; lastKnownFileType = sourcecode.swift; path = MyListOfProductsTests.swift; sourceTree = "<group>"; };
		17BF32FC2AEE3DA2002383B6 /* MyListOfProductsUITests.xctest */ = {isa = PBXFileReference; explicitFileType = wrapper.cfbundle; includeInIndex = 0; path = MyListOfProductsUITests.xctest; sourceTree = BUILT_PRODUCTS_DIR; };
		17BF33002AEE3DA2002383B6 /* MyListOfProductsUITests.swift */ = {isa = PBXFileReference; lastKnownFileType = sourcecode.swift; path = MyListOfProductsUITests.swift; sourceTree = "<group>"; };
		17BF33022AEE3DA2002383B6 /* MyListOfProductsUITestsLaunchTests.swift */ = {isa = PBXFileReference; lastKnownFileType = sourcecode.swift; path = MyListOfProductsUITestsLaunchTests.swift; sourceTree = "<group>"; };
/* End PBXFileReference section */

/* Begin PBXFrameworksBuildPhase section */
		17BF32D62AEE3DA1002383B6 /* Frameworks */ = {
			isa = PBXFrameworksBuildPhase;
			buildActionMask = 2147483647;
			files = (
			);
			runOnlyForDeploymentPostprocessing = 0;
		};
		17BF32EF2AEE3DA2002383B6 /* Frameworks */ = {
			isa = PBXFrameworksBuildPhase;
			buildActionMask = 2147483647;
			files = (
			);
			runOnlyForDeploymentPostprocessing = 0;
		};
		17BF32F92AEE3DA2002383B6 /* Frameworks */ = {
			isa = PBXFrameworksBuildPhase;
			buildActionMask = 2147483647;
			files = (
			);
			runOnlyForDeploymentPostprocessing = 0;
		};
/* End PBXFrameworksBuildPhase section */

/* Begin PBXGroup section */
		17BF32D02AEE3DA1002383B6 = {
			isa = PBXGroup;
			children = (
				17BF32DB2AEE3DA1002383B6 /* MyListOfProducts */,
				17BF32F52AEE3DA2002383B6 /* MyListOfProductsTests */,
				17BF32FF2AEE3DA2002383B6 /* MyListOfProductsUITests */,
				17BF32DA2AEE3DA1002383B6 /* Products */,
			);
			sourceTree = "<group>";
		};
		17BF32DA2AEE3DA1002383B6 /* Products */ = {
			isa = PBXGroup;
			children = (
				17BF32D92AEE3DA1002383B6 /* MyListOfProducts.app */,
				17BF32F22AEE3DA2002383B6 /* MyListOfProductsTests.xctest */,
				17BF32FC2AEE3DA2002383B6 /* MyListOfProductsUITests.xctest */,
			);
			name = Products;
			sourceTree = "<group>";
		};
		17BF32DB2AEE3DA1002383B6 /* MyListOfProducts */ = {
			isa = PBXGroup;
			children = (
				17BF32DC2AEE3DA1002383B6 /* AppDelegate.swift */,
				17BF32DE2AEE3DA1002383B6 /* SceneDelegate.swift */,
				17BF32E02AEE3DA1002383B6 /* ViewController.swift */,
				17BF32E22AEE3DA1002383B6 /* Main.storyboard */,
				17BF32E82AEE3DA2002383B6 /* Assets.xcassets */,
				17BF32EA2AEE3DA2002383B6 /* LaunchScreen.storyboard */,
				17BF32ED2AEE3DA2002383B6 /* Info.plist */,
				17BF32E52AEE3DA1002383B6 /* MyListOfProducts.xcdatamodeld */,
			);
			path = MyListOfProducts;
			sourceTree = "<group>";
		};
		17BF32F52AEE3DA2002383B6 /* MyListOfProductsTests */ = {
			isa = PBXGroup;
			children = (
				17BF32F62AEE3DA2002383B6 /* MyListOfProductsTests.swift */,
			);
			path = MyListOfProductsTests;
			sourceTree = "<group>";
		};
		17BF32FF2AEE3DA2002383B6 /* MyListOfProductsUITests */ = {
			isa = PBXGroup;
			children = (
				17BF33002AEE3DA2002383B6 /* MyListOfProductsUITests.swift */,
				17BF33022AEE3DA2002383B6 /* MyListOfProductsUITestsLaunchTests.swift */,
			);
			path = MyListOfProductsUITests;
			sourceTree = "<group>";
		};
/* End PBXGroup section */

/* Begin PBXNativeTarget section */
		17BF32D82AEE3DA1002383B6 /* MyListOfProducts */ = {
			isa = PBXNativeTarget;
			buildConfigurationList = 17BF33062AEE3DA2002383B6 /* Build configuration list for PBXNativeTarget "MyListOfProducts" */;
			buildPhases = (
				17BF32D52AEE3DA1002383B6 /* Sources */,
				17BF32D62AEE3DA1002383B6 /* Frameworks */,
				17BF32D72AEE3DA1002383B6 /* Resources */,
			);
			buildRules = (
			);
			dependencies = (
			);
			name = MyListOfProducts;
			productName = MyListOfProducts;
			productReference = 17BF32D92AEE3DA1002383B6 /* MyListOfProducts.app */;
			productType = "com.apple.product-type.application";
		};
		17BF32F12AEE3DA2002383B6 /* MyListOfProductsTests */ = {
			isa = PBXNativeTarget;
			buildConfigurationList = 17BF33092AEE3DA2002383B6 /* Build configuration list for PBXNativeTarget "MyListOfProductsTests" */;
			buildPhases = (
				17BF32EE2AEE3DA2002383B6 /* Sources */,
				17BF32EF2AEE3DA2002383B6 /* Frameworks */,
				17BF32F02AEE3DA2002383B6 /* Resources */,
			);
			buildRules = (
			);
			dependencies = (
				17BF32F42AEE3DA2002383B6 /* PBXTargetDependency */,
			);
			name = MyListOfProductsTests;
			productName = MyListOfProductsTests;
			productReference = 17BF32F22AEE3DA2002383B6 /* MyListOfProductsTests.xctest */;
			productType = "com.apple.product-type.bundle.unit-test";
		};
		17BF32FB2AEE3DA2002383B6 /* MyListOfProductsUITests */ = {
			isa = PBXNativeTarget;
			buildConfigurationList = 17BF330C2AEE3DA2002383B6 /* Build configuration list for PBXNativeTarget "MyListOfProductsUITests" */;
			buildPhases = (
				17BF32F82AEE3DA2002383B6 /* Sources */,
				17BF32F92AEE3DA2002383B6 /* Frameworks */,
				17BF32FA2AEE3DA2002383B6 /* Resources */,
			);
			buildRules = (
			);
			dependencies = (
				17BF32FE2AEE3DA2002383B6 /* PBXTargetDependency */,
			);
			name = MyListOfProductsUITests;
			productName = MyListOfProductsUITests;
			productReference = 17BF32FC2AEE3DA2002383B6 /* MyListOfProductsUITests.xctest */;
			productType = "com.apple.product-type.bundle.ui-testing";
		};
/* End PBXNativeTarget section */

/* Begin PBXProject section */
		17BF32D12AEE3DA1002383B6 /* Project object */ = {
			isa = PBXProject;
			attributes = {
				BuildIndependentTargetsInParallel = 1;
				LastSwiftUpdateCheck = 1430;
				LastUpgradeCheck = 1430;
				TargetAttributes = {
					17BF32D82AEE3DA1002383B6 = {
						CreatedOnToolsVersion = 14.3.1;
					};
					17BF32F12AEE3DA2002383B6 = {
						CreatedOnToolsVersion = 14.3.1;
						TestTargetID = 17BF32D82AEE3DA1002383B6;
					};
					17BF32FB2AEE3DA2002383B6 = {
						CreatedOnToolsVersion = 14.3.1;
						TestTargetID = 17BF32D82AEE3DA1002383B6;
					};
				};
			};
			buildConfigurationList = 17BF32D42AEE3DA1002383B6 /* Build configuration list for PBXProject "MyListOfProducts" */;
			compatibilityVersion = "Xcode 14.0";
			developmentRegion = en;
			hasScannedForEncodings = 0;
			knownRegions = (
				en,
				Base,
			);
			mainGroup = 17BF32D02AEE3DA1002383B6;
			productRefGroup = 17BF32DA2AEE3DA1002383B6 /* Products */;
			projectDirPath = "";
			projectRoot = "";
			targets = (
				17BF32D82AEE3DA1002383B6 /* MyListOfProducts */,
				17BF32F12AEE3DA2002383B6 /* MyListOfProductsTests */,
				17BF32FB2AEE3DA2002383B6 /* MyListOfProductsUITests */,
			);
		};
/* End PBXProject section */

/* Begin PBXResourcesBuildPhase section */
		17BF32D72AEE3DA1002383B6 /* Resources */ = {
			isa = PBXResourcesBuildPhase;
			buildActionMask = 2147483647;
			files = (
				17BF32EC2AEE3DA2002383B6 /* LaunchScreen.storyboard in Resources */,
				17BF32E92AEE3DA2002383B6 /* Assets.xcassets in Resources */,
				17BF32E42AEE3DA1002383B6 /* Main.storyboard in Resources */,
			);
			runOnlyForDeploymentPostprocessing = 0;
		};
		17BF32F02AEE3DA2002383B6 /* Resources */ = {
			isa = PBXResourcesBuildPhase;
			buildActionMask = 2147483647;
			files = (
			);
			runOnlyForDeploymentPostprocessing = 0;
		};
		17BF32FA2AEE3DA2002383B6 /* Resources */ = {
			isa = PBXResourcesBuildPhase;
			buildActionMask = 2147483647;
			files = (
			);
			runOnlyForDeploymentPostprocessing = 0;
		};
/* End PBXResourcesBuildPhase section */

/* Begin PBXSourcesBuildPhase section */
		17BF32D52AEE3DA1002383B6 /* Sources */ = {
			isa = PBXSourcesBuildPhase;
			buildActionMask = 2147483647;
			files = (
				17BF32E72AEE3DA1002383B6 /* MyListOfProducts.xcdatamodeld in Sources */,
				17BF32E12AEE3DA1002383B6 /* ViewController.swift in Sources */,
				17BF32DD2AEE3DA1002383B6 /* AppDelegate.swift in Sources */,
				17BF32DF2AEE3DA1002383B6 /* SceneDelegate.swift in Sources */,
			);
			runOnlyForDeploymentPostprocessing = 0;
		};
		17BF32EE2AEE3DA2002383B6 /* Sources */ = {
			isa = PBXSourcesBuildPhase;
			buildActionMask = 2147483647;
			files = (
				17BF32F72AEE3DA2002383B6 /* MyListOfProductsTests.swift in Sources */,
			);
			runOnlyForDeploymentPostprocessing = 0;
		};
		17BF32F82AEE3DA2002383B6 /* Sources */ = {
			isa = PBXSourcesBuildPhase;
			buildActionMask = 2147483647;
			files = (
				17BF33012AEE3DA2002383B6 /* MyListOfProductsUITests.swift in Sources */,
				17BF33032AEE3DA2002383B6 /* MyListOfProductsUITestsLaunchTests.swift in Sources */,
			);
			runOnlyForDeploymentPostprocessing = 0;
		};
/* End PBXSourcesBuildPhase section */

/* Begin PBXTargetDependency section */
		17BF32F42AEE3DA2002383B6 /* PBXTargetDependency */ = {
			isa = PBXTargetDependency;
			target = 17BF32D82AEE3DA1002383B6 /* MyListOfProducts */;
			targetProxy = 17BF32F32AEE3DA2002383B6 /* PBXContainerItemProxy */;
		};
		17BF32FE2AEE3DA2002383B6 /* PBXTargetDependency */ = {
			isa = PBXTargetDependency;
			target = 17BF32D82AEE3DA1002383B6 /* MyListOfProducts */;
			targetProxy = 17BF32FD2AEE3DA2002383B6 /* PBXContainerItemProxy */;
		};
/* End PBXTargetDependency section */

/* Begin PBXVariantGroup section */
		17BF32E22AEE3DA1002383B6 /* Main.storyboard */ = {
			isa = PBXVariantGroup;
			children = (
				17BF32E32AEE3DA1002383B6 /* Base */,
			);
			name = Main.storyboard;
			sourceTree = "<group>";
		};
		17BF32EA2AEE3DA2002383B6 /* LaunchScreen.storyboard */ = {
			isa = PBXVariantGroup;
			children = (
				17BF32EB2AEE3DA2002383B6 /* Base */,
			);
			name = LaunchScreen.storyboard;
			sourceTree = "<group>";
		};
/* End PBXVariantGroup section */

/* Begin XCBuildConfiguration section */
		17BF33042AEE3DA2002383B6 /* Debug */ = {
			isa = XCBuildConfiguration;
			buildSettings = {
				ALWAYS_SEARCH_USER_PATHS = NO;
				CLANG_ANALYZER_NONNULL = YES;
				CLANG_ANALYZER_NUMBER_OBJECT_CONVERSION = YES_AGGRESSIVE;
				CLANG_CXX_LANGUAGE_STANDARD = "gnu++20";
				CLANG_ENABLE_MODULES = YES;
				CLANG_ENABLE_OBJC_ARC = YES;
				CLANG_ENABLE_OBJC_WEAK = YES;
				CLANG_WARN_BLOCK_CAPTURE_AUTORELEASING = YES;
				CLANG_WARN_BOOL_CONVERSION = YES;
				CLANG_WARN_COMMA = YES;
				CLANG_WARN_CONSTANT_CONVERSION = YES;
				CLANG_WARN_DEPRECATED_OBJC_IMPLEMENTATIONS = YES;
				CLANG_WARN_DIRECT_OBJC_ISA_USAGE = YES_ERROR;
				CLANG_WARN_DOCUMENTATION_COMMENTS = YES;
				CLANG_WARN_EMPTY_BODY = YES;
				CLANG_WARN_ENUM_CONVERSION = YES;
				CLANG_WARN_INFINITE_RECURSION = YES;
				CLANG_WARN_INT_CONVERSION = YES;
				CLANG_WARN_NON_LITERAL_NULL_CONVERSION = YES;
				CLANG_WARN_OBJC_IMPLICIT_RETAIN_SELF = YES;
				CLANG_WARN_OBJC_LITERAL_CONVERSION = YES;
				CLANG_WARN_OBJC_ROOT_CLASS = YES_ERROR;
				CLANG_WARN_QUOTED_INCLUDE_IN_FRAMEWORK_HEADER = YES;
				CLANG_WARN_RANGE_LOOP_ANALYSIS = YES;
				CLANG_WARN_STRICT_PROTOTYPES = YES;
				CLANG_WARN_SUSPICIOUS_MOVE = YES;
				CLANG_WARN_UNGUARDED_AVAILABILITY = YES_AGGRESSIVE;
				CLANG_WARN_UNREACHABLE_CODE = YES;
				CLANG_WARN__DUPLICATE_METHOD_MATCH = YES;
				COPY_PHASE_STRIP = NO;
				DEBUG_INFORMATION_FORMAT = dwarf;
				ENABLE_STRICT_OBJC_MSGSEND = YES;
				ENABLE_TESTABILITY = YES;
				GCC_C_LANGUAGE_STANDARD = gnu11;
				GCC_DYNAMIC_NO_PIC = NO;
				GCC_NO_COMMON_BLOCKS = YES;
				GCC_OPTIMIZATION_LEVEL = 0;
				GCC_PREPROCESSOR_DEFINITIONS = (
					"DEBUG=1",
					"$(inherited)",
				);
				GCC_WARN_64_TO_32_BIT_CONVERSION = YES;
				GCC_WARN_ABOUT_RETURN_TYPE = YES_ERROR;
				GCC_WARN_UNDECLARED_SELECTOR = YES;
				GCC_WARN_UNINITIALIZED_AUTOS = YES_AGGRESSIVE;
				GCC_WARN_UNUSED_FUNCTION = YES;
				GCC_WARN_UNUSED_VARIABLE = YES;
				IPHONEOS_DEPLOYMENT_TARGET = 16.4;
				MTL_ENABLE_DEBUG_INFO = INCLUDE_SOURCE;
				MTL_FAST_MATH = YES;
				ONLY_ACTIVE_ARCH = YES;
				SDKROOT = iphoneos;
				SWIFT_ACTIVE_COMPILATION_CONDITIONS = DEBUG;
				SWIFT_OPTIMIZATION_LEVEL = "-Onone";
			};
			name = Debug;
		};
		17BF33052AEE3DA2002383B6 /* Release */ = {
			isa = XCBuildConfiguration;
			buildSettings = {
				ALWAYS_SEARCH_USER_PATHS = NO;
				CLANG_ANALYZER_NONNULL = YES;
				CLANG_ANALYZER_NUMBER_OBJECT_CONVERSION = YES_AGGRESSIVE;
				CLANG_CXX_LANGUAGE_STANDARD = "gnu++20";
				CLANG_ENABLE_MODULES = YES;
				CLANG_ENABLE_OBJC_ARC = YES;
				CLANG_ENABLE_OBJC_WEAK = YES;
				CLANG_WARN_BLOCK_CAPTURE_AUTORELEASING = YES;
				CLANG_WARN_BOOL_CONVERSION = YES;
				CLANG_WARN_COMMA = YES;
				CLANG_WARN_CONSTANT_CONVERSION = YES;
				CLANG_WARN_DEPRECATED_OBJC_IMPLEMENTATIONS = YES;
				CLANG_WARN_DIRECT_OBJC_ISA_USAGE = YES_ERROR;
				CLANG_WARN_DOCUMENTATION_COMMENTS = YES;
				CLANG_WARN_EMPTY_BODY = YES;
				CLANG_WARN_ENUM_CONVERSION = YES;
				CLANG_WARN_INFINITE_RECURSION = YES;
				CLANG_WARN_INT_CONVERSION = YES;
				CLANG_WARN_NON_LITERAL_NULL_CONVERSION = YES;
				CLANG_WARN_OBJC_IMPLICIT_RETAIN_SELF = YES;
				CLANG_WARN_OBJC_LITERAL_CONVERSION = YES;
				CLANG_WARN_OBJC_ROOT_CLASS = YES_ERROR;
				CLANG_WARN_QUOTED_INCLUDE_IN_FRAMEWORK_HEADER = YES;
				CLANG_WARN_RANGE_LOOP_ANALYSIS = YES;
				CLANG_WARN_STRICT_PROTOTYPES = YES;
				CLANG_WARN_SUSPICIOUS_MOVE = YES;
				CLANG_WARN_UNGUARDED_AVAILABILITY = YES_AGGRESSIVE;
				CLANG_WARN_UNREACHABLE_CODE = YES;
				CLANG_WARN__DUPLICATE_METHOD_MATCH = YES;
				COPY_PHASE_STRIP = NO;
				DEBUG_INFORMATION_FORMAT = "dwarf-with-dsym";
				ENABLE_NS_ASSERTIONS = NO;
				ENABLE_STRICT_OBJC_MSGSEND = YES;
				GCC_C_LANGUAGE_STANDARD = gnu11;
				GCC_NO_COMMON_BLOCKS = YES;
				GCC_WARN_64_TO_32_BIT_CONVERSION = YES;
				GCC_WARN_ABOUT_RETURN_TYPE = YES_ERROR;
				GCC_WARN_UNDECLARED_SELECTOR = YES;
				GCC_WARN_UNINITIALIZED_AUTOS = YES_AGGRESSIVE;
				GCC_WARN_UNUSED_FUNCTION = YES;
				GCC_WARN_UNUSED_VARIABLE = YES;
				IPHONEOS_DEPLOYMENT_TARGET = 16.4;
				MTL_ENABLE_DEBUG_INFO = NO;
				MTL_FAST_MATH = YES;
				SDKROOT = iphoneos;
				SWIFT_COMPILATION_MODE = wholemodule;
				SWIFT_OPTIMIZATION_LEVEL = "-O";
				VALIDATE_PRODUCT = YES;
			};
			name = Release;
		};
		17BF33072AEE3DA2002383B6 /* Debug */ = {
			isa = XCBuildConfiguration;
			buildSettings = {
				ASSETCATALOG_COMPILER_APPICON_NAME = AppIcon;
				ASSETCATALOG_COMPILER_GLOBAL_ACCENT_COLOR_NAME = AccentColor;
				CODE_SIGN_STYLE = Automatic;
				CURRENT_PROJECT_VERSION = 1;
				DEVELOPMENT_TEAM = 7X48R5E6LJ;
				GENERATE_INFOPLIST_FILE = YES;
				INFOPLIST_FILE = MyListOfProducts/Info.plist;
				INFOPLIST_KEY_UIApplicationSupportsIndirectInputEvents = YES;
				INFOPLIST_KEY_UILaunchStoryboardName = LaunchScreen;
				INFOPLIST_KEY_UIMainStoryboardFile = Main;
				INFOPLIST_KEY_UISupportedInterfaceOrientations_iPad = "UIInterfaceOrientationPortrait UIInterfaceOrientationPortraitUpsideDown UIInterfaceOrientationLandscapeLeft UIInterfaceOrientationLandscapeRight";
				INFOPLIST_KEY_UISupportedInterfaceOrientations_iPhone = "UIInterfaceOrientationPortrait UIInterfaceOrientationLandscapeLeft UIInterfaceOrientationLandscapeRight";
				LD_RUNPATH_SEARCH_PATHS = (
					"$(inherited)",
					"@executable_path/Frameworks",
				);
				MARKETING_VERSION = 1.0;
				PRODUCT_BUNDLE_IDENTIFIER = com.napps.MyListOfProducts;
				PRODUCT_NAME = "$(TARGET_NAME)";
				SWIFT_EMIT_LOC_STRINGS = YES;
				SWIFT_VERSION = 5.0;
				TARGETED_DEVICE_FAMILY = "1,2";
			};
			name = Debug;
		};
		17BF33082AEE3DA2002383B6 /* Release */ = {
			isa = XCBuildConfiguration;
			buildSettings = {
				ASSETCATALOG_COMPILER_APPICON_NAME = AppIcon;
				ASSETCATALOG_COMPILER_GLOBAL_ACCENT_COLOR_NAME = AccentColor;
				CODE_SIGN_STYLE = Automatic;
				CURRENT_PROJECT_VERSION = 1;
				DEVELOPMENT_TEAM = 7X48R5E6LJ;
				GENERATE_INFOPLIST_FILE = YES;
				INFOPLIST_FILE = MyListOfProducts/Info.plist;
				INFOPLIST_KEY_UIApplicationSupportsIndirectInputEvents = YES;
				INFOPLIST_KEY_UILaunchStoryboardName = LaunchScreen;
				INFOPLIST_KEY_UIMainStoryboardFile = Main;
				INFOPLIST_KEY_UISupportedInterfaceOrientations_iPad = "UIInterfaceOrientationPortrait UIInterfaceOrientationPortraitUpsideDown UIInterfaceOrientationLandscapeLeft UIInterfaceOrientationLandscapeRight";
				INFOPLIST_KEY_UISupportedInterfaceOrientations_iPhone = "UIInterfaceOrientationPortrait UIInterfaceOrientationLandscapeLeft UIInterfaceOrientationLandscapeRight";
				LD_RUNPATH_SEARCH_PATHS = (
					"$(inherited)",
					"@executable_path/Frameworks",
				);
				MARKETING_VERSION = 1.0;
				PRODUCT_BUNDLE_IDENTIFIER = com.napps.MyListOfProducts;
				PRODUCT_NAME = "$(TARGET_NAME)";
				SWIFT_EMIT_LOC_STRINGS = YES;
				SWIFT_VERSION = 5.0;
				TARGETED_DEVICE_FAMILY = "1,2";
			};
			name = Release;
		};
		17BF330A2AEE3DA2002383B6 /* Debug */ = {
			isa = XCBuildConfiguration;
			buildSettings = {
				ALWAYS_EMBED_SWIFT_STANDARD_LIBRARIES = YES;
				BUNDLE_LOADER = "$(TEST_HOST)";
				CODE_SIGN_STYLE = Automatic;
				CURRENT_PROJECT_VERSION = 1;
				DEVELOPMENT_TEAM = 7X48R5E6LJ;
				GENERATE_INFOPLIST_FILE = YES;
				IPHONEOS_DEPLOYMENT_TARGET = 16.4;
				MARKETING_VERSION = 1.0;
				PRODUCT_BUNDLE_IDENTIFIER = com.napps.MyListOfProductsTests;
				PRODUCT_NAME = "$(TARGET_NAME)";
				SWIFT_EMIT_LOC_STRINGS = NO;
				SWIFT_VERSION = 5.0;
				TARGETED_DEVICE_FAMILY = "1,2";
				TEST_HOST = "$(BUILT_PRODUCTS_DIR)/MyListOfProducts.app/$(BUNDLE_EXECUTABLE_FOLDER_PATH)/MyListOfProducts";
			};
			name = Debug;
		};
		17BF330B2AEE3DA2002383B6 /* Release */ = {
			isa = XCBuildConfiguration;
			buildSettings = {
				ALWAYS_EMBED_SWIFT_STANDARD_LIBRARIES = YES;
				BUNDLE_LOADER = "$(TEST_HOST)";
				CODE_SIGN_STYLE = Automatic;
				CURRENT_PROJECT_VERSION = 1;
				DEVELOPMENT_TEAM = 7X48R5E6LJ;
				GENERATE_INFOPLIST_FILE = YES;
				IPHONEOS_DEPLOYMENT_TARGET = 16.4;
				MARKETING_VERSION = 1.0;
				PRODUCT_BUNDLE_IDENTIFIER = com.napps.MyListOfProductsTests;
				PRODUCT_NAME = "$(TARGET_NAME)";
				SWIFT_EMIT_LOC_STRINGS = NO;
				SWIFT_VERSION = 5.0;
				TARGETED_DEVICE_FAMILY = "1,2";
				TEST_HOST = "$(BUILT_PRODUCTS_DIR)/MyListOfProducts.app/$(BUNDLE_EXECUTABLE_FOLDER_PATH)/MyListOfProducts";
			};
			name = Release;
		};
		17BF330D2AEE3DA2002383B6 /* Debug */ = {
			isa = XCBuildConfiguration;
			buildSettings = {
				ALWAYS_EMBED_SWIFT_STANDARD_LIBRARIES = YES;
				CODE_SIGN_STYLE = Automatic;
				CURRENT_PROJECT_VERSION = 1;
				DEVELOPMENT_TEAM = 7X48R5E6LJ;
				GENERATE_INFOPLIST_FILE = YES;
				MARKETING_VERSION = 1.0;
				PRODUCT_BUNDLE_IDENTIFIER = com.napps.MyListOfProductsUITests;
				PRODUCT_NAME = "$(TARGET_NAME)";
				SWIFT_EMIT_LOC_STRINGS = NO;
				SWIFT_VERSION = 5.0;
				TARGETED_DEVICE_FAMILY = "1,2";
				TEST_TARGET_NAME = MyListOfProducts;
			};
			name = Debug;
		};
		17BF330E2AEE3DA2002383B6 /* Release */ = {
			isa = XCBuildConfiguration;
			buildSettings = {
				ALWAYS_EMBED_SWIFT_STANDARD_LIBRARIES = YES;
				CODE_SIGN_STYLE = Automatic;
				CURRENT_PROJECT_VERSION = 1;
				DEVELOPMENT_TEAM = 7X48R5E6LJ;
				GENERATE_INFOPLIST_FILE = YES;
				MARKETING_VERSION = 1.0;
				PRODUCT_BUNDLE_IDENTIFIER = com.napps.MyListOfProductsUITests;
				PRODUCT_NAME = "$(TARGET_NAME)";
				SWIFT_EMIT_LOC_STRINGS = NO;
				SWIFT_VERSION = 5.0;
				TARGETED_DEVICE_FAMILY = "1,2";
				TEST_TARGET_NAME = MyListOfProducts;
			};
			name = Release;
		};
/* End XCBuildConfiguration section */

/* Begin XCConfigurationList section */
		17BF32D42AEE3DA1002383B6 /* Build configuration list for PBXProject "MyListOfProducts" */ = {
			isa = XCConfigurationList;
			buildConfigurations = (
				17BF33042AEE3DA2002383B6 /* Debug */,
				17BF33052AEE3DA2002383B6 /* Release */,
			);
			defaultConfigurationIsVisible = 0;
			defaultConfigurationName = Release;
		};
		17BF33062AEE3DA2002383B6 /* Build configuration list for PBXNativeTarget "MyListOfProducts" */ = {
			isa = XCConfigurationList;
			buildConfigurations = (
				17BF33072AEE3DA2002383B6 /* Debug */,
				17BF33082AEE3DA2002383B6 /* Release */,
			);
			defaultConfigurationIsVisible = 0;
			defaultConfigurationName = Release;
		};
		17BF33092AEE3DA2002383B6 /* Build configuration list for PBXNativeTarget "MyListOfProductsTests" */ = {
			isa = XCConfigurationList;
			buildConfigurations = (
				17BF330A2AEE3DA2002383B6 /* Debug */,
				17BF330B2AEE3DA2002383B6 /* Release */,
			);
			defaultConfigurationIsVisible = 0;
			defaultConfigurationName = Release;
		};
		17BF330C2AEE3DA2002383B6 /* Build configuration list for PBXNativeTarget "MyListOfProductsUITests" */ = {
			isa = XCConfigurationList;
			buildConfigurations = (
				17BF330D2AEE3DA2002383B6 /* Debug */,
				17BF330E2AEE3DA2002383B6 /* Release */,
			);
			defaultConfigurationIsVisible = 0;
			defaultConfigurationName = Release;
		};
/* End XCConfigurationList section */

/* Begin XCVersionGroup section */
		17BF32E52AEE3DA1002383B6 /* MyListOfProducts.xcdatamodeld */ = {
			isa = XCVersionGroup;
			children = (
				17BF32E62AEE3DA1002383B6 /* MyListOfProducts.xcdatamodel */,
			);
			currentVersion = 17BF32E62AEE3DA1002383B6 /* MyListOfProducts.xcdatamodel */;
			path = MyListOfProducts.xcdatamodeld;
			sourceTree = "<group>";
			versionGroupType = wrapper.xcdatamodel;
		};
/* End XCVersionGroup section */
	};
	rootObject = 17BF32D12AEE3DA1002383B6 /* Project object */;
}
